
Microsoft Visual Studio Solution File, Format Version 12.00
# Visual Studio Version 17
VisualStudioVersion = 17.9.34728.123
MinimumVisualStudioVersion = 10.0.40219.1
Project("{9A19103F-16F7-4668-BE54-9A1E7A4F7556}") = "using-rules-engine", "using-rules-engine\using-rules-engine.csproj", "{A668E804-3359-4363-A4FE-F1D9CB6EFED8}"
EndProject
Project("{FAE04EC0-301F-11D3-BF4B-00C04F79EFBC}") = "using-rules-engine-test", "using-rules-engine-test\using-rules-engine-test.csproj", "{1C57EE64-3A3D-426C-A7DF-821D9FA7255E}"
EndProject
Global
	GlobalSection(SolutionConfigurationPlatforms) = preSolution
		Debug|Any CPU = Debug|Any CPU
		Release|Any CPU = Release|Any CPU
	EndGlobalSection
	GlobalSection(ProjectConfigurationPlatforms) = postSolution
		{A668E804-3359-4363-A4FE-F1D9CB6EFED8}.Debug|Any CPU.ActiveCfg = Debug|Any CPU
		{A668E804-3359-4363-A4FE-F1D9CB6EFED8}.Debug|Any CPU.Build.0 = Debug|Any CPU
		{A668E804-3359-4363-A4FE-F1D9CB6EFED8}.Release|Any CPU.ActiveCfg = Release|Any CPU
		{A668E804-3359-4363-A4FE-F1D9CB6EFED8}.Release|Any CPU.Build.0 = Release|Any CPU
		{1C57EE64-3A3D-426C-A7DF-821D9FA7255E}.Debug|Any CPU.ActiveCfg = Debug|Any CPU
		{1C57EE64-3A3D-426C-A7DF-821D9FA7255E}.Debug|Any CPU.Build.0 = Debug|Any CPU
		{1C57EE64-3A3D-426C-A7DF-821D9FA7255E}.Release|Any CPU.ActiveCfg = Release|Any CPU
		{1C57EE64-3A3D-426C-A7DF-821D9FA7255E}.Release|Any CPU.Build.0 = Release|Any CPU
	EndGlobalSection
	GlobalSection(SolutionProperties) = preSolution
		HideSolutionNode = FALSE
	EndGlobalSection
	GlobalSection(ExtensibilityGlobals) = postSolution
		SolutionGuid = {5E1A8ED0-89EB-4488-841F-7987648E5E4C}
	EndGlobalSection
EndGlobal
